
Microsoft Visual Studio Solution File, Format Version 12.00
# Visual Studio Version 17
VisualStudioVersion = 17.13.35825.156 d17.13
MinimumVisualStudioVersion = 10.0.40219.1
Project("{FAE04EC0-301F-11D3-BF4B-00C04F79EFBC}") = "EmailMarketing vConsole", "EmailMarketing vConsole.csproj", "{E069EF81-7CE0-4422-A6B5-44A9E56986EA}"
EndProject
Global
	GlobalSection(SolutionConfigurationPlatforms) = preSolution
		Debug|Any CPU = Debug|Any CPU
		Release|Any CPU = Release|Any CPU
	EndGlobalSection
	GlobalSection(ProjectConfigurationPlatforms) = postSolution
		{E069EF81-7CE0-4422-A6B5-44A9E56986EA}.Debug|Any CPU.ActiveCfg = Debug|Any CPU
		{E069EF81-7CE0-4422-A6B5-44A9E56986EA}.Debug|Any CPU.Build.0 = Debug|Any CPU
		{E069EF81-7CE0-4422-A6B5-44A9E56986EA}.Release|Any CPU.ActiveCfg = Release|Any CPU
		{E069EF81-7CE0-4422-A6B5-44A9E56986EA}.Release|Any CPU.Build.0 = Release|Any CPU
	EndGlobalSection
	GlobalSection(SolutionProperties) = preSolution
		HideSolutionNode = FALSE
	EndGlobalSection
	GlobalSection(ExtensibilityGlobals) = postSolution
		SolutionGuid = {2928D212-6B7E-430E-AC2D-2A289B34E80E}
	EndGlobalSection
EndGlobal
